github.com/aws/aws-lambda-go v1.46.0 h1:UWVnvh2h2gecOlFhHQfIPQcD8pL/f7pVCutmFl+oXU8=
github.com/aws/aws-lambda-go v1.46.0/go.mod h1:dpMpZgvWx5vuQJfBt0zqBha60q7Dd7RfgJv23DymV8A=
github.com/davecgh/go-spew v1.1.1 h1:vj9j/u1bqnvCEfJOwUhtlOARqs3+rkHYY13jYWTU97c=
github.com/pmezard/go-difflib v1.0.0 h1:4DBwDE0NGyQoBHbLQYPwSUPoCMWR5BEzIk/f1lZbAQM=
github.com/safetorun/PromptDefender/aiprompt v0.0.0-20231210112259-15b98f65cf67 h1:aXHSMmxaGvubSkyiXyRzVIa2SGoSY6/9ltytZh5OxBE=
github.com/safetorun/PromptDefender/aiprompt v0.0.0-20231210112259-15b98f65cf67/go.mod h1:jlwvD4JjHhc+4gYMLlDHIVawDoVPMMBlB1/B+vrt0Ro=
github.com/safetorun/PromptDefender/internal/base_aws v0.0.0-20240130072532-9a4bc83dc7d2 h1:fIZUtKQGbWByeLpu9YiexTatOtDDb0QMCjvlUwa+SN0=
github.com/safetorun/PromptDefender/internal/base_aws v0.0.0-20240130072532-9a4bc83dc7d2/go.mod h1:E7gCcTZP3uwVReYM5tD9BC8ADJ9893zz+5AVOIx3Yeo=
github.com/safetorun/PromptDefender/wall v0.0.0-20231210112259-15b98f65cf67 h1:paxr5L//VhumB1NsUprKRBwg6lSKfCABkQ714YwP+zo=
github.com/safetorun/PromptDefender/wall v0.0.0-20231210112259-15b98f65cf67/go.mod h1:Ka5eUEBGAJrt/lZlLjZSpFVxLsv0gXeluTqIOgK3TA0=
github.com/stretchr/testify v1.8.4 h1:CcVxjf3Q8PM0mHUKJCdn+eZZtm5yQwehR5yeSVQQcUk=
gopkg.in/yaml.v3 v3.0.1 h1:fxVm/GzAzEWqLHuvctI91KS9hhNmmWOoWu0XTYJS7CA=
