github.com/aws/aws-lambda-go v1.43.0 h1:Tdu7SnMB5bD+CbdnSq1Dg4sM68vEuGIDcQFZ+IjUfx0=
github.com/aws/aws-lambda-go v1.43.0/go.mod h1:dpMpZgvWx5vuQJfBt0zqBha60q7Dd7RfgJv23DymV8A=
github.com/aws/aws-lambda-go v1.45.0 h1:3xS35Dlc8ffmcwfcKTyqJGiMuL0UDvkQaVUrI5yHycI=
github.com/aws/aws-lambda-go v1.45.0/go.mod h1:dpMpZgvWx5vuQJfBt0zqBha60q7Dd7RfgJv23DymV8A=
github.com/aws/aws-sdk-go v1.49.16 h1:KAQwhLg296hfffRdh+itA9p7Nx/3cXS/qOa3uF9ssig=
github.com/aws/aws-sdk-go v1.49.16/go.mod h1:LF8svs817+Nz+DmiMQKTO3ubZ/6IaTpq3TjupRn3Eqk=
github.com/aws/aws-sdk-go v1.50.5 h1:H2Aadcgwr7a2aqS6ZwcE+l1mA6ZrTseYCvjw2QLmxIA=
github.com/aws/aws-sdk-go v1.50.5/go.mod h1:LF8svs817+Nz+DmiMQKTO3ubZ/6IaTpq3TjupRn3Eqk=
github.com/bmizerany/assert v0.0.0-20160611221934-b7ed37b82869 h1:DDGfHa7BWjL4YnC6+E63dPcxHo2sUxDIu8g3QgEJdRY=
github.com/creack/pty v1.1.9/go.mod h1:oKZEueFk5CKHvIhNR5MUki03XCEU+Q6VDXinZuGJ33E=
github.com/davecgh/go-spew v1.1.0/go.mod h1:J7Y8YcW2NihsgmVo/mv3lAwl/skON4iLHjSsI+c5H38=
github.com/davecgh/go-spew v1.1.1 h1:vj9j/u1bqnvCEfJOwUhtlOARqs3+rkHYY13jYWTU97c=
github.com/drewlanenga/govector v0.0.0-20220726163947-b958ac08bc93 h1:2VXZHsypUG1HaQcj/+nQc5TbZ4qZ5FSl7KN4s1BjFQY=
github.com/drewlanenga/govector v0.0.0-20220726163947-b958ac08bc93/go.mod h1:AbP/uRrjZFATEwl0P2DHePteIMZRWHEJBWBmMmLdCkk=
github.com/jmespath/go-jmespath v0.4.0 h1:BEgLn5cpjn8UN1mAw4NjwDrS35OdebyEtFe+9YPoQUg=
github.com/jmespath/go-jmespath v0.4.0/go.mod h1:T8mJZnbsbmF+m6zOOFylbeCJqk5+pHWvzYPziyZiYoo=
github.com/jmespath/go-jmespath/internal/testify v1.5.1 h1:shLQSRRSCCPj3f2gpwzGwWFoC7ycTf1rcQZHOlsJ6N8=
github.com/jmespath/go-jmespath/internal/testify v1.5.1/go.mod h1:L3OGu8Wl2/fWfCI6z80xFu9LTZmf1ZRjMHUOPmWr69U=
github.com/kr/pretty v0.3.1 h1:flRD4NNwYAUpkphVc1HcthR4KEIFJ65n8Mw5qdRn3LE=
github.com/kr/text v0.2.0 h1:5Nx0Ya0ZqY2ygV366QzturHI13Jq95ApcVaJBhpS+AY=
github.com/kr/text v0.2.0/go.mod h1:eLer722TekiGuMkidMxC/pM04lWEeraHUUmBw8l2grE=
github.com/pmezard/go-difflib v1.0.0 h1:4DBwDE0NGyQoBHbLQYPwSUPoCMWR5BEzIk/f1lZbAQM=
github.com/pmezard/go-difflib v1.0.0/go.mod h1:iKH77koFhYxTK1pcRnkKkqfTogsbg7gZNVY4sRDYZ/4=
github.com/rogpeppe/go-internal v1.11.0 h1:cWPaGQEPrBb5/AsnsZesgZZ9yb1OQ+GOISoDNXVBh4M=
github.com/rogpeppe/go-internal v1.11.0/go.mod h1:ddIwULY96R17DhadqLgMfk9H9tvdUzkipdSkR5nkCZA=
github.com/safetorun/PromptDefender/badwords v0.0.0-20231210112259-15b98f65cf67 h1:aEoLutgt0CD8Q7tH6Msow6zLL961NrB6OhdiNMggHtk=
github.com/safetorun/PromptDefender/badwords v0.0.0-20231210112259-15b98f65cf67/go.mod h1:plW+2/gdgv2rTO/+saDt18AuSht9G4ecUvjF7l68fFI=
github.com/safetorun/PromptDefender/badwords_embeddings v0.0.0-20231210112259-15b98f65cf67 h1:pkelcc6TBpEYAY6TluD6ZxTXIYHdTPH9hxD1WGwOB7s=
github.com/safetorun/PromptDefender/badwords_embeddings v0.0.0-20231210112259-15b98f65cf67/go.mod h1:6XfDI93958VAWMRBymCEqlIqiyOUf9bIyjRNcCFSQjo=
github.com/safetorun/PromptDefender/embeddings v0.0.0-20231210112259-15b98f65cf67 h1:5FAQsJheqdS2F9FPx14nRjSZLspQIVthhH2v0lVESlc=
github.com/safetorun/PromptDefender/embeddings v0.0.0-20231210112259-15b98f65cf67/go.mod h1:Ead2Lqb/JSWT9upS5Z8aG9Hq9/daLK7Q2yiiOlQynH4=
github.com/safetorun/PromptDefender/internal/base_aws v0.0.0-20231210114542-bda8793eb24f h1:fPFYe4vS90eo8m8Ut1ygkXlRWiRs8oQs9WANIgYGDuo=
github.com/safetorun/PromptDefender/internal/base_aws v0.0.0-20231210114542-bda8793eb24f/go.mod h1:E7gCcTZP3uwVReYM5tD9BC8ADJ9893zz+5AVOIx3Yeo=
github.com/safetorun/PromptDefender/internal/base_aws v0.0.0-20240126072149-ef859bfd0a26 h1:iHJ/mY7YDwGwfVNvmNsTXLhAiTtnFj5igx/yykfLRaU=
github.com/safetorun/PromptDefender/internal/base_aws v0.0.0-20240126072149-ef859bfd0a26/go.mod h1:E7gCcTZP3uwVReYM5tD9BC8ADJ9893zz+5AVOIx3Yeo=
github.com/safetorun/PromptDefender/moat v0.0.0-20231210112259-15b98f65cf67 h1:D5wlzEdSux0WSvyeS5r+w6Kk8Yfw9k0IrsDtJSwnFac=
github.com/safetorun/PromptDefender/moat v0.0.0-20231210112259-15b98f65cf67/go.mod h1:GZfTcnYT73DBj92HTQ+migOH/W7UKNFJ1oZksb6NJOI=
github.com/safetorun/PromptDefender/pii v0.0.0-20231210081706-40db07878111 h1:vRTGGWLE4mMsQKClUdVUC/SKJtHevMflkr+iCGDTzrc=
github.com/safetorun/PromptDefender/pii v0.0.0-20231210081706-40db07878111/go.mod h1:CW+LIsOwq/ehHUqv2ul8Zmj/+fVefnvuTpIRvYWxauo=
github.com/safetorun/PromptDefender/pii_aws v0.0.0-20231210112259-15b98f65cf67 h1:t6LTGKPJ4bCLnSkG4EvygZPBnKcAGE3lgrLEzF1XKi4=
github.com/safetorun/PromptDefender/pii_aws v0.0.0-20231210112259-15b98f65cf67/go.mod h1:wR/kRj0Nem7N12QR6kKKFxmdW4+byNJXEFvzMDzfSPg=
github.com/sashabaranov/go-openai v1.17.10 h1:ybvWN+d/rgEK/64U6dsjnOQ9AUya2wBoJKj3Wuaonqo=
github.com/sashabaranov/go-openai v1.17.10/go.mod h1:lj5b/K+zjTSFxVLijLSTDZuP7adOgerWeFyZLUhAKRg=
github.com/sashabaranov/go-openai v1.19.1 h1:lIAtrpgE6Lhc3avbWG7wV4zeRWVi4nymQ7IUSq0mDMI=
github.com/sashabaranov/go-openai v1.19.1/go.mod h1:lj5b/K+zjTSFxVLijLSTDZuP7adOgerWeFyZLUhAKRg=
github.com/stretchr/objx v0.1.0/go.mod h1:HFkY916IF+rwdDfMAkV7OtwuqBVzrE8GR6GFx+wExME=
github.com/stretchr/objx v0.5.1 h1:4VhoImhV/Bm0ToFkXFi8hXNXwpDRZ/ynw3amt82mzq0=
github.com/stretchr/testify v1.8.4 h1:CcVxjf3Q8PM0mHUKJCdn+eZZtm5yQwehR5yeSVQQcUk=
gopkg.in/check.v1 v0.0.0-20161208181325-20d25e280405/go.mod h1:Co6ibVJAznAaIkqp8huTwlJQCZ016jof/cbN4VW5Yz0=
gopkg.in/yaml.v2 v2.2.8 h1:obN1ZagJSUGI0Ek/LBmuj4SNLPfIny3KsKFopxRdj10=
gopkg.in/yaml.v2 v2.2.8/go.mod h1:hI93XBmqTisBFMUTm0b8Fm+jr3Dg1NNxqwp+5A1VGuI=
gopkg.in/yaml.v3 v3.0.1 h1:fxVm/GzAzEWqLHuvctI91KS9hhNmmWOoWu0XTYJS7CA=
